
Microsoft Visual Studio Solution File, Format Version 12.00
# Visual Studio Version 16
VisualStudioVersion = 16.0.30907.101
MinimumVisualStudioVersion = 10.0.40219.1
Project("{9A19103F-16F7-4668-BE54-9A1E7A4F7556}") = "CyberShoppee.UI.CustomerMVC", "CyberShoppee.UI.Customer\CyberShoppee.UI.CustomerMVC.csproj", "{D4E095DB-C82D-4C43-8529-868D9700D975}"
EndProject
Project("{9A19103F-16F7-4668-BE54-9A1E7A4F7556}") = "CyberShoppee.UI.AdminMVC", "CyberShoppee.UI.Admin\CyberShoppee.UI.AdminMVC.csproj", "{8D2BA2EC-9670-4BE5-99D6-EAE4975205B1}"
EndProject
Global
	GlobalSection(SolutionConfigurationPlatforms) = preSolution
		Debug|Any CPU = Debug|Any CPU
		Release|Any CPU = Release|Any CPU
	EndGlobalSection
	GlobalSection(ProjectConfigurationPlatforms) = postSolution
		{D4E095DB-C82D-4C43-8529-868D9700D975}.Debug|Any CPU.ActiveCfg = Debug|Any CPU
		{D4E095DB-C82D-4C43-8529-868D9700D975}.Debug|Any CPU.Build.0 = Debug|Any CPU
		{D4E095DB-C82D-4C43-8529-868D9700D975}.Release|Any CPU.ActiveCfg = Release|Any CPU
		{D4E095DB-C82D-4C43-8529-868D9700D975}.Release|Any CPU.Build.0 = Release|Any CPU
		{8D2BA2EC-9670-4BE5-99D6-EAE4975205B1}.Debug|Any CPU.ActiveCfg = Debug|Any CPU
		{8D2BA2EC-9670-4BE5-99D6-EAE4975205B1}.Debug|Any CPU.Build.0 = Debug|Any CPU
		{8D2BA2EC-9670-4BE5-99D6-EAE4975205B1}.Release|Any CPU.ActiveCfg = Release|Any CPU
		{8D2BA2EC-9670-4BE5-99D6-EAE4975205B1}.Release|Any CPU.Build.0 = Release|Any CPU
	EndGlobalSection
	GlobalSection(SolutionProperties) = preSolution
		HideSolutionNode = FALSE
	EndGlobalSection
	GlobalSection(ExtensibilityGlobals) = postSolution
		SolutionGuid = {14DFD814-5AD5-4909-8867-3DE706F6310F}
	EndGlobalSection
EndGlobal
